// !$*UTF8*$!
{
	archiveVersion = 1;
	classes = {
	};
	objectVersion = 48;
	objects = {

/* Begin PBXBuildFile section */
		366EB27A1FA0B557009DCE85 /* AppDelegate.swift in Sources */ = {isa = PBXBuildFile; fileRef = 366EB2791FA0B557009DCE85 /* AppDelegate.swift */; };
		366EB27C1FA0B557009DCE85 /* ViewController.swift in Sources */ = {isa = PBXBuildFile; fileRef = 366EB27B1FA0B557009DCE85 /* ViewController.swift */; };
		366EB27F1FA0B557009DCE85 /* Main.storyboard in Resources */ = {isa = PBXBuildFile; fileRef = 366EB27D1FA0B557009DCE85 /* Main.storyboard */; };
		366EB2811FA0B557009DCE85 /* Assets.xcassets in Resources */ = {isa = PBXBuildFile; fileRef = 366EB2801FA0B557009DCE85 /* Assets.xcassets */; };
		366EB2841FA0B557009DCE85 /* LaunchScreen.storyboard in Resources */ = {isa = PBXBuildFile; fileRef = 366EB2821FA0B557009DCE85 /* LaunchScreen.storyboard */; };
/* End PBXBuildFile section */

/* Begin PBXFileReference section */
		366EB2761FA0B557009DCE85 /* PROTOCOLE.app */ = {isa = PBXFileReference; explicitFileType = wrapper.application; includeInIndex = 0; path = PROTOCOLE.app; sourceTree = BUILT_PRODUCTS_DIR; };
		366EB2791FA0B557009DCE85 /* AppDelegate.swift */ = {isa = PBXFileReference; lastKnownFileType = sourcecode.swift; path = AppDelegate.swift; sourceTree = "<group>"; };
		366EB27B1FA0B557009DCE85 /* ViewController.swift */ = {isa = PBXFileReference; lastKnownFileType = sourcecode.swift; path = ViewController.swift; sourceTree = "<group>"; };
		366EB27E1FA0B557009DCE85 /* Base */ = {isa = PBXFileReference; lastKnownFileType = file.storyboard; name = Base; path = Base.lproj/Main.storyboard; sourceTree = "<group>"; };
		366EB2801FA0B557009DCE85 /* Assets.xcassets */ = {isa = PBXFileReference; lastKnownFileType = folder.assetcatalog; path = Assets.xcassets; sourceTree = "<group>"; };
		366EB2831FA0B557009DCE85 /* Base */ = {isa = PBXFileReference; lastKnownFileType = file.storyboard; name = Base; path = Base.lproj/LaunchScreen.storyboard; sourceTree = "<group>"; };
		366EB2851FA0B557009DCE85 /* Info.plist */ = {isa = PBXFileReference; lastKnownFileType = text.plist.xml; path = Info.plist; sourceTree = "<group>"; };
/* End PBXFileReference section */

/* Begin PBXFrameworksBuildPhase section */
		366EB2731FA0B557009DCE85 /* Frameworks */ = {
			isa = PBXFrameworksBuildPhase;
			buildActionMask = 2147483647;
			files = (
			);
			runOnlyForDeploymentPostprocessing = 0;
		};
/* End PBXFrameworksBuildPhase section */

/* Begin PBXGroup section */
		366EB26D1FA0B557009DCE85 = {
			isa = PBXGroup;
			children = (
				366EB2781FA0B557009DCE85 /* PROTOCOLE */,
				366EB2771FA0B557009DCE85 /* Products */,
			);
			sourceTree = "<group>";
		};
		366EB2771FA0B557009DCE85 /* Products */ = {
			isa = PBXGroup;
			children = (
				366EB2761FA0B557009DCE85 /* PROTOCOLE.app */,
			);
			name = Products;
			sourceTree = "<group>";
		};
		366EB2781FA0B557009DCE85 /* PROTOCOLE */ = {
			isa = PBXGroup;
			children = (
				366EB2791FA0B557009DCE85 /* AppDelegate.swift */,
				366EB27B1FA0B557009DCE85 /* ViewController.swift */,
				366EB27D1FA0B557009DCE85 /* Main.storyboard */,
				366EB2801FA0B557009DCE85 /* Assets.xcassets */,
				366EB2821FA0B557009DCE85 /* LaunchScreen.storyboard */,
				366EB2851FA0B557009DCE85 /* Info.plist */,
			);
			path = PROTOCOLE;
			sourceTree = "<group>";
		};
/* End PBXGroup section */

/* Begin PBXNativeTarget section */
		366EB2751FA0B557009DCE85 /* PROTOCOLE */ = {
			isa = PBXNativeTarget;
			buildConfigurationList = 366EB2881FA0B557009DCE85 /* Build configuration list for PBXNativeTarget "PROTOCOLE" */;
			buildPhases = (
				366EB2721FA0B557009DCE85 /* Sources */,
				366EB2731FA0B557009DCE85 /* Frameworks */,
				366EB2741FA0B557009DCE85 /* Resources */,
			);
			buildRules = (
			);
			dependencies = (
			);
			name = PROTOCOLE;
			productName = PROTOCOLE;
			productReference = 366EB2761FA0B557009DCE85 /* PROTOCOLE.app */;
			productType = "com.apple.product-type.application";
		};
/* End PBXNativeTarget section */

/* Begin PBXProject section */
		366EB26E1FA0B557009DCE85 /* Project object */ = {
			isa = PBXProject;
			attributes = {
				LastSwiftUpdateCheck = 0900;
				LastUpgradeCheck = 0900;
				ORGANIZATIONNAME = etu;
				TargetAttributes = {
					366EB2751FA0B557009DCE85 = {
						CreatedOnToolsVersion = 9.0.1;
						ProvisioningStyle = Automatic;
					};
				};
			};
			buildConfigurationList = 366EB2711FA0B557009DCE85 /* Build configuration list for PBXProject "PROTOCOLE" */;
			compatibilityVersion = "Xcode 8.0";
			developmentRegion = en;
			hasScannedForEncodings = 0;
			knownRegions = (
				en,
				Base,
			);
			mainGroup = 366EB26D1FA0B557009DCE85;
			productRefGroup = 366EB2771FA0B557009DCE85 /* Products */;
			projectDirPath = "";
			projectRoot = "";
			targets = (
				366EB2751FA0B557009DCE85 /* PROTOCOLE */,
			);
		};
/* End PBXProject section */

/* Begin PBXResourcesBuildPhase section */
		366EB2741FA0B557009DCE85 /* Resources */ = {
			isa = PBXResourcesBuildPhase;
			buildActionMask = 2147483647;
			files = (
				366EB2841FA0B557009DCE85 /* LaunchScreen.storyboard in Resources */,
				366EB2811FA0B557009DCE85 /* Assets.xcassets in Resources */,
				366EB27F1FA0B557009DCE85 /* Main.storyboard in Resources */,
			);
			runOnlyForDeploymentPostprocessing = 0;
		};
/* End PBXResourcesBuildPhase section */

/* Begin PBXSourcesBuildPhase section */
		366EB2721FA0B557009DCE85 /* Sources */ = {
			isa = PBXSourcesBuildPhase;
			buildActionMask = 2147483647;
			files = (
				366EB27C1FA0B557009DCE85 /* ViewController.swift in Sources */,
				366EB27A1FA0B557009DCE85 /* AppDelegate.swift in Sources */,
			);
			runOnlyForDeploymentPostprocessing = 0;
		};
/* End PBXSourcesBuildPhase section */

/* Begin PBXVariantGroup section */
		366EB27D1FA0B557009DCE85 /* Main.storyboard */ = {
			isa = PBXVariantGroup;
			children = (
				366EB27E1FA0B557009DCE85 /* Base */,
			);
			name = Main.storyboard;
			sourceTree = "<group>";
		};
		366EB2821FA0B557009DCE85 /* LaunchScreen.storyboard */ = {
			isa = PBXVariantGroup;
			children = (
				366EB2831FA0B557009DCE85 /* Base */,
			);
			name = LaunchScreen.storyboard;
			sourceTree = "<group>";
		};
/* End PBXVariantGroup section */

/* Begin XCBuildConfiguration section */
		366EB2861FA0B557009DCE85 /* Debug */ = {
			isa = XCBuildConfiguration;
			buildSettings = {
				ALWAYS_SEARCH_USER_PATHS = NO;
				CLANG_ANALYZER_NONNULL = YES;
				CLANG_ANALYZER_NUMBER_OBJECT_CONVERSION = YES_AGGRESSIVE;
				CLANG_CXX_LANGUAGE_STANDARD = "gnu++14";
				CLANG_CXX_LIBRARY = "libc++";
				CLANG_ENABLE_MODULES = YES;
				CLANG_ENABLE_OBJC_ARC = YES;
				CLANG_WARN_BLOCK_CAPTURE_AUTORELEASING = YES;
				CLANG_WARN_BOOL_CONVERSION = YES;
				CLANG_WARN_COMMA = YES;
				CLANG_WARN_CONSTANT_CONVERSION = YES;
				CLANG_WARN_DIRECT_OBJC_ISA_USAGE = YES_ERROR;
				CLANG_WARN_DOCUMENTATION_COMMENTS = YES;
				CLANG_WARN_EMPTY_BODY = YES;
				CLANG_WARN_ENUM_CONVERSION = YES;
				CLANG_WARN_INFINITE_RECURSION = YES;
				CLANG_WARN_INT_CONVERSION = YES;
				CLANG_WARN_NON_LITERAL_NULL_CONVERSION = YES;
				CLANG_WARN_OBJC_LITERAL_CONVERSION = YES;
				CLANG_WARN_OBJC_ROOT_CLASS = YES_ERROR;
				CLANG_WARN_RANGE_LOOP_ANALYSIS = YES;
				CLANG_WARN_STRICT_PROTOTYPES = YES;
				CLANG_WARN_SUSPICIOUS_MOVE = YES;
				CLANG_WARN_UNGUARDED_AVAILABILITY = YES_AGGRESSIVE;
				CLANG_WARN_UNREACHABLE_CODE = YES;
				CLANG_WARN__DUPLICATE_METHOD_MATCH = YES;
				CODE_SIGN_IDENTITY = "iPhone Developer";
				COPY_PHASE_STRIP = NO;
				DEBUG_INFORMATION_FORMAT = dwarf;
				ENABLE_STRICT_OBJC_MSGSEND = YES;
				ENABLE_TESTABILITY = YES;
				GCC_C_LANGUAGE_STANDARD = gnu11;
				GCC_DYNAMIC_NO_PIC = NO;
				GCC_NO_COMMON_BLOCKS = YES;
				GCC_OPTIMIZATION_LEVEL = 0;
				GCC_PREPROCESSOR_DEFINITIONS = (
					"DEBUG=1",
					"$(inherited)",
				);
				GCC_WARN_64_TO_32_BIT_CONVERSION = YES;
				GCC_WARN_ABOUT_RETURN_TYPE = YES_ERROR;
				GCC_WARN_UNDECLARED_SELECTOR = YES;
				GCC_WARN_UNINITIALIZED_AUTOS = YES_AGGRESSIVE;
				GCC_WARN_UNUSED_FUNCTION = YES;
				GCC_WARN_UNUSED_VARIABLE = YES;
				IPHONEOS_DEPLOYMENT_TARGET = 11.0;
				MTL_ENABLE_DEBUG_INFO = YES;
				ONLY_ACTIVE_ARCH = YES;
				SDKROOT = iphoneos;
				SWIFT_ACTIVE_COMPILATION_CONDITIONS = DEBUG;
				SWIFT_OPTIMIZATION_LEVEL = "-Onone";
			};
			name = Debug;
		};
		366EB2871FA0B557009DCE85 /* Release */ = {
			isa = XCBuildConfiguration;
			buildSettings = {
				ALWAYS_SEARCH_USER_PATHS = NO;
				CLANG_ANALYZER_NONNULL = YES;
				CLANG_ANALYZER_NUMBER_OBJECT_CONVERSION = YES_AGGRESSIVE;
				CLANG_CXX_LANGUAGE_STANDARD = "gnu++14";
				CLANG_CXX_LIBRARY = "libc++";
				CLANG_ENABLE_MODULES = YES;
				CLANG_ENABLE_OBJC_ARC = YES;
				CLANG_WARN_BLOCK_CAPTURE_AUTORELEASING = YES;
				CLANG_WARN_BOOL_CONVERSION = YES;
				CLANG_WARN_COMMA = YES;
				CLANG_WARN_CONSTANT_CONVERSION = YES;
				CLANG_WARN_DIRECT_OBJC_ISA_USAGE = YES_ERROR;
				CLANG_WARN_DOCUMENTATION_COMMENTS = YES;
				CLANG_WARN_EMPTY_BODY = YES;
				CLANG_WARN_ENUM_CONVERSION = YES;
				CLANG_WARN_INFINITE_RECURSION = YES;
				CLANG_WARN_INT_CONVERSION = YES;
				CLANG_WARN_NON_LITERAL_NULL_CONVERSION = YES;
				CLANG_WARN_OBJC_LITERAL_CONVERSION = YES;
				CLANG_WARN_OBJC_ROOT_CLASS = YES_ERROR;
				CLANG_WARN_RANGE_LOOP_ANALYSIS = YES;
				CLANG_WARN_STRICT_PROTOTYPES = YES;
				CLANG_WARN_SUSPICIOUS_MOVE = YES;
				CLANG_WARN_UNGUARDED_AVAILABILITY = YES_AGGRESSIVE;
				CLANG_WARN_UNREACHABLE_CODE = YES;
				CLANG_WARN__DUPLICATE_METHOD_MATCH = YES;
				CODE_SIGN_IDENTITY = "iPhone Developer";
				COPY_PHASE_STRIP = NO;
				DEBUG_INFORMATION_FORMAT = "dwarf-with-dsym";
				ENABLE_NS_ASSERTIONS = NO;
				ENABLE_STRICT_OBJC_MSGSEND = YES;
				GCC_C_LANGUAGE_STANDARD = gnu11;
				GCC_NO_COMMON_BLOCKS = YES;
				GCC_WARN_64_TO_32_BIT_CONVERSION = YES;
				GCC_WARN_ABOUT_RETURN_TYPE = YES_ERROR;
				GCC_WARN_UNDECLARED_SELECTOR = YES;
				GCC_WARN_UNINITIALIZED_AUTOS = YES_AGGRESSIVE;
				GCC_WARN_UNUSED_FUNCTION = YES;
				GCC_WARN_UNUSED_VARIABLE = YES;
				IPHONEOS_DEPLOYMENT_TARGET = 11.0;
				MTL_ENABLE_DEBUG_INFO = NO;
				SDKROOT = iphoneos;
				SWIFT_OPTIMIZATION_LEVEL = "-Owholemodule";
				VALIDATE_PRODUCT = YES;
			};
			name = Release;
		};
		366EB2891FA0B557009DCE85 /* Debug */ = {
			isa = XCBuildConfiguration;
			buildSettings = {
				ASSETCATALOG_COMPILER_APPICON_NAME = AppIcon;
				CODE_SIGN_STYLE = Automatic;
				DEVELOPMENT_TEAM = B7GQ8T3749;
				INFOPLIST_FILE = PROTOCOLE/Info.plist;
				LD_RUNPATH_SEARCH_PATHS = "$(inherited) @executable_path/Frameworks";
				PRODUCT_BUNDLE_IDENTIFIER = hello.PROTOCOLE;
				PRODUCT_NAME = "$(TARGET_NAME)";
				SWIFT_VERSION = 4.0;
				TARGETED_DEVICE_FAMILY = "1,2";
			};
			name = Debug;
		};
		366EB28A1FA0B557009DCE85 /* Release */ = {
			isa = XCBuildConfiguration;
			buildSettings = {
				ASSETCATALOG_COMPILER_APPICON_NAME = AppIcon;
				CODE_SIGN_STYLE = Automatic;
				DEVELOPMENT_TEAM = B7GQ8T3749;
				INFOPLIST_FILE = PROTOCOLE/Info.plist;
				LD_RUNPATH_SEARCH_PATHS = "$(inherited) @executable_path/Frameworks";
				PRODUCT_BUNDLE_IDENTIFIER = hello.PROTOCOLE;
				PRODUCT_NAME = "$(TARGET_NAME)";
				SWIFT_VERSION = 4.0;
				TARGETED_DEVICE_FAMILY = "1,2";
			};
			name = Release;
		};
/* End XCBuildConfiguration section */

/* Begin XCConfigurationList section */
		366EB2711FA0B557009DCE85 /* Build configuration list for PBXProject "PROTOCOLE" */ = {
			isa = XCConfigurationList;
			buildConfigurations = (
				366EB2861FA0B557009DCE85 /* Debug */,
				366EB2871FA0B557009DCE85 /* Release */,
			);
			defaultConfigurationIsVisible = 0;
			defaultConfigurationName = Release;
		};
		366EB2881FA0B557009DCE85 /* Build configuration list for PBXNativeTarget "PROTOCOLE" */ = {
			isa = XCConfigurationList;
			buildConfigurations = (
				366EB2891FA0B557009DCE85 /* Debug */,
				366EB28A1FA0B557009DCE85 /* Release */,
			);
			defaultConfigurationIsVisible = 0;
			defaultConfigurationName = Release;
		};
/* End XCConfigurationList section */
	};
	rootObject = 366EB26E1FA0B557009DCE85 /* Project object */;
}
